
Microsoft Visual Studio Solution File, Format Version 12.00
# Visual Studio Version 16
VisualStudioVersion = 16.0.30517.126
MinimumVisualStudioVersion = 10.0.40219.1
Project("{9092AA53-FB77-4645-B42D-1CCCA6BD08BD}") = "lab2", "lab2.njsproj", "{7F268B74-8EB1-4D3D-96B2-B9549F3830F3}"
EndProject
Global
	GlobalSection(SolutionConfigurationPlatforms) = preSolution
		Debug|Any CPU = Debug|Any CPU
		Release|Any CPU = Release|Any CPU
	EndGlobalSection
	GlobalSection(ProjectConfigurationPlatforms) = postSolution
		{7F268B74-8EB1-4D3D-96B2-B9549F3830F3}.Debug|Any CPU.ActiveCfg = Debug|Any CPU
		{7F268B74-8EB1-4D3D-96B2-B9549F3830F3}.Debug|Any CPU.Build.0 = Debug|Any CPU
		{7F268B74-8EB1-4D3D-96B2-B9549F3830F3}.Release|Any CPU.ActiveCfg = Release|Any CPU
		{7F268B74-8EB1-4D3D-96B2-B9549F3830F3}.Release|Any CPU.Build.0 = Release|Any CPU
	EndGlobalSection
	GlobalSection(SolutionProperties) = preSolution
		HideSolutionNode = FALSE
	EndGlobalSection
	GlobalSection(ExtensibilityGlobals) = postSolution
		SolutionGuid = {571FD137-74B9-4E31-AB81-F611AF8A45C0}
	EndGlobalSection
EndGlobal
